// !$*UTF8*$!
{
	archiveVersion = 1;
	classes = {
	};
	objectVersion = 56;
	objects = {

/* Begin PBXBuildFile section */
		3D5C08E42B06F8C500AA10A9 /* HomeHeaderView.swift in Sources */ = {isa = PBXBuildFile; fileRef = 3D5C08E32B06F8C500AA10A9 /* HomeHeaderView.swift */; };
		3D5C08E82B06FD7200AA10A9 /* MonthlyBill.swift in Sources */ = {isa = PBXBuildFile; fileRef = 3D5C08E72B06FD7200AA10A9 /* MonthlyBill.swift */; };
		3D5C08EA2B06FE5700AA10A9 /* Theme.swift in Sources */ = {isa = PBXBuildFile; fileRef = 3D5C08E92B06FE5700AA10A9 /* Theme.swift */; };
		3D5C08EC2B07007100AA10A9 /* BillDetailView.swift in Sources */ = {isa = PBXBuildFile; fileRef = 3D5C08EB2B07007100AA10A9 /* BillDetailView.swift */; };
		3DD21D222B0461BF00AD80BA /* My_MoneyApp.swift in Sources */ = {isa = PBXBuildFile; fileRef = 3DD21D212B0461BF00AD80BA /* My_MoneyApp.swift */; };
		3DD21D282B0461C700AD80BA /* Assets.xcassets in Resources */ = {isa = PBXBuildFile; fileRef = 3DD21D272B0461C700AD80BA /* Assets.xcassets */; };
		3DD21D2C2B0461C700AD80BA /* Preview Assets.xcassets in Resources */ = {isa = PBXBuildFile; fileRef = 3DD21D2B2B0461C700AD80BA /* Preview Assets.xcassets */; };
		3DD21D332B0464DF00AD80BA /* HomeView.swift in Sources */ = {isa = PBXBuildFile; fileRef = 3DD21D322B0464DF00AD80BA /* HomeView.swift */; };
/* End PBXBuildFile section */

/* Begin PBXFileReference section */
		3D5C08E32B06F8C500AA10A9 /* HomeHeaderView.swift */ = {isa = PBXFileReference; lastKnownFileType = sourcecode.swift; path = HomeHeaderView.swift; sourceTree = "<group>"; };
		3D5C08E72B06FD7200AA10A9 /* MonthlyBill.swift */ = {isa = PBXFileReference; lastKnownFileType = sourcecode.swift; path = MonthlyBill.swift; sourceTree = "<group>"; };
		3D5C08E92B06FE5700AA10A9 /* Theme.swift */ = {isa = PBXFileReference; lastKnownFileType = sourcecode.swift; path = Theme.swift; sourceTree = "<group>"; };
		3D5C08EB2B07007100AA10A9 /* BillDetailView.swift */ = {isa = PBXFileReference; lastKnownFileType = sourcecode.swift; path = BillDetailView.swift; sourceTree = "<group>"; };
		3DD21D1E2B0461BF00AD80BA /* My Money.app */ = {isa = PBXFileReference; explicitFileType = wrapper.application; includeInIndex = 0; path = "My Money.app"; sourceTree = BUILT_PRODUCTS_DIR; };
		3DD21D212B0461BF00AD80BA /* My_MoneyApp.swift */ = {isa = PBXFileReference; lastKnownFileType = sourcecode.swift; path = My_MoneyApp.swift; sourceTree = "<group>"; };
		3DD21D272B0461C700AD80BA /* Assets.xcassets */ = {isa = PBXFileReference; lastKnownFileType = folder.assetcatalog; path = Assets.xcassets; sourceTree = "<group>"; };
		3DD21D292B0461C700AD80BA /* My_Money.entitlements */ = {isa = PBXFileReference; lastKnownFileType = text.plist.entitlements; path = My_Money.entitlements; sourceTree = "<group>"; };
		3DD21D2B2B0461C700AD80BA /* Preview Assets.xcassets */ = {isa = PBXFileReference; lastKnownFileType = folder.assetcatalog; path = "Preview Assets.xcassets"; sourceTree = "<group>"; };
		3DD21D322B0464DF00AD80BA /* HomeView.swift */ = {isa = PBXFileReference; lastKnownFileType = sourcecode.swift; path = HomeView.swift; sourceTree = "<group>"; };
/* End PBXFileReference section */

/* Begin PBXFrameworksBuildPhase section */
		3DD21D1B2B0461BF00AD80BA /* Frameworks */ = {
			isa = PBXFrameworksBuildPhase;
			buildActionMask = 2147483647;
			files = (
			);
			runOnlyForDeploymentPostprocessing = 0;
		};
/* End PBXFrameworksBuildPhase section */

/* Begin PBXGroup section */
		3D5C08E52B06F9A700AA10A9 /* Views */ = {
			isa = PBXGroup;
			children = (
				3D5C08E32B06F8C500AA10A9 /* HomeHeaderView.swift */,
				3DD21D322B0464DF00AD80BA /* HomeView.swift */,
				3D5C08EB2B07007100AA10A9 /* BillDetailView.swift */,
			);
			path = Views;
			sourceTree = "<group>";
		};
		3D5C08E62B06FD4400AA10A9 /* Models */ = {
			isa = PBXGroup;
			children = (
				3D5C08E72B06FD7200AA10A9 /* MonthlyBill.swift */,
				3D5C08E92B06FE5700AA10A9 /* Theme.swift */,
			);
			path = Models;
			sourceTree = "<group>";
		};
		3DD21D152B0461BF00AD80BA = {
			isa = PBXGroup;
			children = (
				3DD21D202B0461BF00AD80BA /* My Money */,
				3DD21D1F2B0461BF00AD80BA /* Products */,
			);
			sourceTree = "<group>";
		};
		3DD21D1F2B0461BF00AD80BA /* Products */ = {
			isa = PBXGroup;
			children = (
				3DD21D1E2B0461BF00AD80BA /* My Money.app */,
			);
			name = Products;
			sourceTree = "<group>";
		};
		3DD21D202B0461BF00AD80BA /* My Money */ = {
			isa = PBXGroup;
			children = (
				3D5C08E62B06FD4400AA10A9 /* Models */,
				3D5C08E52B06F9A700AA10A9 /* Views */,
				3DD21D272B0461C700AD80BA /* Assets.xcassets */,
				3DD21D292B0461C700AD80BA /* My_Money.entitlements */,
				3DD21D212B0461BF00AD80BA /* My_MoneyApp.swift */,
				3DD21D2A2B0461C700AD80BA /* Preview Content */,
			);
			path = "My Money";
			sourceTree = "<group>";
		};
		3DD21D2A2B0461C700AD80BA /* Preview Content */ = {
			isa = PBXGroup;
			children = (
				3DD21D2B2B0461C700AD80BA /* Preview Assets.xcassets */,
			);
			path = "Preview Content";
			sourceTree = "<group>";
		};
/* End PBXGroup section */

/* Begin PBXNativeTarget section */
		3DD21D1D2B0461BF00AD80BA /* My Money */ = {
			isa = PBXNativeTarget;
			buildConfigurationList = 3DD21D2F2B0461C700AD80BA /* Build configuration list for PBXNativeTarget "My Money" */;
			buildPhases = (
				3DD21D1A2B0461BF00AD80BA /* Sources */,
				3DD21D1B2B0461BF00AD80BA /* Frameworks */,
				3DD21D1C2B0461BF00AD80BA /* Resources */,
			);
			buildRules = (
			);
			dependencies = (
			);
			name = "My Money";
			productName = "My Money";
			productReference = 3DD21D1E2B0461BF00AD80BA /* My Money.app */;
			productType = "com.apple.product-type.application";
		};
/* End PBXNativeTarget section */

/* Begin PBXProject section */
		3DD21D162B0461BF00AD80BA /* Project object */ = {
			isa = PBXProject;
			attributes = {
				BuildIndependentTargetsInParallel = 1;
				LastSwiftUpdateCheck = 1500;
				LastUpgradeCheck = 1500;
				TargetAttributes = {
					3DD21D1D2B0461BF00AD80BA = {
						CreatedOnToolsVersion = 15.0;
					};
				};
			};
			buildConfigurationList = 3DD21D192B0461BF00AD80BA /* Build configuration list for PBXProject "My Money" */;
			compatibilityVersion = "Xcode 14.0";
			developmentRegion = en;
			hasScannedForEncodings = 0;
			knownRegions = (
				en,
				Base,
			);
			mainGroup = 3DD21D152B0461BF00AD80BA;
			productRefGroup = 3DD21D1F2B0461BF00AD80BA /* Products */;
			projectDirPath = "";
			projectRoot = "";
			targets = (
				3DD21D1D2B0461BF00AD80BA /* My Money */,
			);
		};
/* End PBXProject section */

/* Begin PBXResourcesBuildPhase section */
		3DD21D1C2B0461BF00AD80BA /* Resources */ = {
			isa = PBXResourcesBuildPhase;
			buildActionMask = 2147483647;
			files = (
				3DD21D2C2B0461C700AD80BA /* Preview Assets.xcassets in Resources */,
				3DD21D282B0461C700AD80BA /* Assets.xcassets in Resources */,
			);
			runOnlyForDeploymentPostprocessing = 0;
		};
/* End PBXResourcesBuildPhase section */

/* Begin PBXSourcesBuildPhase section */
		3DD21D1A2B0461BF00AD80BA /* Sources */ = {
			isa = PBXSourcesBuildPhase;
			buildActionMask = 2147483647;
			files = (
				3D5C08E42B06F8C500AA10A9 /* HomeHeaderView.swift in Sources */,
				3DD21D222B0461BF00AD80BA /* My_MoneyApp.swift in Sources */,
				3D5C08EA2B06FE5700AA10A9 /* Theme.swift in Sources */,
				3D5C08E82B06FD7200AA10A9 /* MonthlyBill.swift in Sources */,
				3D5C08EC2B07007100AA10A9 /* BillDetailView.swift in Sources */,
				3DD21D332B0464DF00AD80BA /* HomeView.swift in Sources */,
			);
			runOnlyForDeploymentPostprocessing = 0;
		};
/* End PBXSourcesBuildPhase section */

/* Begin XCBuildConfiguration section */
		3DD21D2D2B0461C700AD80BA /* Debug */ = {
			isa = XCBuildConfiguration;
			buildSettings = {
				ALWAYS_SEARCH_USER_PATHS = NO;
				ASSETCATALOG_COMPILER_GENERATE_SWIFT_ASSET_SYMBOL_EXTENSIONS = YES;
				CLANG_ANALYZER_NONNULL = YES;
				CLANG_ANALYZER_NUMBER_OBJECT_CONVERSION = YES_AGGRESSIVE;
				CLANG_CXX_LANGUAGE_STANDARD = "gnu++20";
				CLANG_ENABLE_MODULES = YES;
				CLANG_ENABLE_OBJC_ARC = YES;
				CLANG_ENABLE_OBJC_WEAK = YES;
				CLANG_WARN_BLOCK_CAPTURE_AUTORELEASING = YES;
				CLANG_WARN_BOOL_CONVERSION = YES;
				CLANG_WARN_COMMA = YES;
				CLANG_WARN_CONSTANT_CONVERSION = YES;
				CLANG_WARN_DEPRECATED_OBJC_IMPLEMENTATIONS = YES;
				CLANG_WARN_DIRECT_OBJC_ISA_USAGE = YES_ERROR;
				CLANG_WARN_DOCUMENTATION_COMMENTS = YES;
				CLANG_WARN_EMPTY_BODY = YES;
				CLANG_WARN_ENUM_CONVERSION = YES;
				CLANG_WARN_INFINITE_RECURSION = YES;
				CLANG_WARN_INT_CONVERSION = YES;
				CLANG_WARN_NON_LITERAL_NULL_CONVERSION = YES;
				CLANG_WARN_OBJC_IMPLICIT_RETAIN_SELF = YES;
				CLANG_WARN_OBJC_LITERAL_CONVERSION = YES;
				CLANG_WARN_OBJC_ROOT_CLASS = YES_ERROR;
				CLANG_WARN_QUOTED_INCLUDE_IN_FRAMEWORK_HEADER = YES;
				CLANG_WARN_RANGE_LOOP_ANALYSIS = YES;
				CLANG_WARN_STRICT_PROTOTYPES = YES;
				CLANG_WARN_SUSPICIOUS_MOVE = YES;
				CLANG_WARN_UNGUARDED_AVAILABILITY = YES_AGGRESSIVE;
				CLANG_WARN_UNREACHABLE_CODE = YES;
				CLANG_WARN__DUPLICATE_METHOD_MATCH = YES;
				COPY_PHASE_STRIP = NO;
				DEBUG_INFORMATION_FORMAT = dwarf;
				ENABLE_STRICT_OBJC_MSGSEND = YES;
				ENABLE_TESTABILITY = YES;
				ENABLE_USER_SCRIPT_SANDBOXING = YES;
				GCC_C_LANGUAGE_STANDARD = gnu17;
				GCC_DYNAMIC_NO_PIC = NO;
				GCC_NO_COMMON_BLOCKS = YES;
				GCC_OPTIMIZATION_LEVEL = 0;
				GCC_PREPROCESSOR_DEFINITIONS = (
					"DEBUG=1",
					"$(inherited)",
				);
				GCC_WARN_64_TO_32_BIT_CONVERSION = YES;
				GCC_WARN_ABOUT_RETURN_TYPE = YES_ERROR;
				GCC_WARN_UNDECLARED_SELECTOR = YES;
				GCC_WARN_UNINITIALIZED_AUTOS = YES_AGGRESSIVE;
				GCC_WARN_UNUSED_FUNCTION = YES;
				GCC_WARN_UNUSED_VARIABLE = YES;
				LOCALIZATION_PREFERS_STRING_CATALOGS = YES;
				MTL_ENABLE_DEBUG_INFO = INCLUDE_SOURCE;
				MTL_FAST_MATH = YES;
				ONLY_ACTIVE_ARCH = YES;
				SWIFT_ACTIVE_COMPILATION_CONDITIONS = "DEBUG $(inherited)";
				SWIFT_OPTIMIZATION_LEVEL = "-Onone";
			};
			name = Debug;
		};
		3DD21D2E2B0461C700AD80BA /* Release */ = {
			isa = XCBuildConfiguration;
			buildSettings = {
				ALWAYS_SEARCH_USER_PATHS = NO;
				ASSETCATALOG_COMPILER_GENERATE_SWIFT_ASSET_SYMBOL_EXTENSIONS = YES;
				CLANG_ANALYZER_NONNULL = YES;
				CLANG_ANALYZER_NUMBER_OBJECT_CONVERSION = YES_AGGRESSIVE;
				CLANG_CXX_LANGUAGE_STANDARD = "gnu++20";
				CLANG_ENABLE_MODULES = YES;
				CLANG_ENABLE_OBJC_ARC = YES;
				CLANG_ENABLE_OBJC_WEAK = YES;
				CLANG_WARN_BLOCK_CAPTURE_AUTORELEASING = YES;
				CLANG_WARN_BOOL_CONVERSION = YES;
				CLANG_WARN_COMMA = YES;
				CLANG_WARN_CONSTANT_CONVERSION = YES;
				CLANG_WARN_DEPRECATED_OBJC_IMPLEMENTATIONS = YES;
				CLANG_WARN_DIRECT_OBJC_ISA_USAGE = YES_ERROR;
				CLANG_WARN_DOCUMENTATION_COMMENTS = YES;
				CLANG_WARN_EMPTY_BODY = YES;
				CLANG_WARN_ENUM_CONVERSION = YES;
				CLANG_WARN_INFINITE_RECURSION = YES;
				CLANG_WARN_INT_CONVERSION = YES;
				CLANG_WARN_NON_LITERAL_NULL_CONVERSION = YES;
				CLANG_WARN_OBJC_IMPLICIT_RETAIN_SELF = YES;
				CLANG_WARN_OBJC_LITERAL_CONVERSION = YES;
				CLANG_WARN_OBJC_ROOT_CLASS = YES_ERROR;
				CLANG_WARN_QUOTED_INCLUDE_IN_FRAMEWORK_HEADER = YES;
				CLANG_WARN_RANGE_LOOP_ANALYSIS = YES;
				CLANG_WARN_STRICT_PROTOTYPES = YES;
				CLANG_WARN_SUSPICIOUS_MOVE = YES;
				CLANG_WARN_UNGUARDED_AVAILABILITY = YES_AGGRESSIVE;
				CLANG_WARN_UNREACHABLE_CODE = YES;
				CLANG_WARN__DUPLICATE_METHOD_MATCH = YES;
				COPY_PHASE_STRIP = NO;
				DEBUG_INFORMATION_FORMAT = "dwarf-with-dsym";
				ENABLE_NS_ASSERTIONS = NO;
				ENABLE_STRICT_OBJC_MSGSEND = YES;
				ENABLE_USER_SCRIPT_SANDBOXING = YES;
				GCC_C_LANGUAGE_STANDARD = gnu17;
				GCC_NO_COMMON_BLOCKS = YES;
				GCC_WARN_64_TO_32_BIT_CONVERSION = YES;
				GCC_WARN_ABOUT_RETURN_TYPE = YES_ERROR;
				GCC_WARN_UNDECLARED_SELECTOR = YES;
				GCC_WARN_UNINITIALIZED_AUTOS = YES_AGGRESSIVE;
				GCC_WARN_UNUSED_FUNCTION = YES;
				GCC_WARN_UNUSED_VARIABLE = YES;
				LOCALIZATION_PREFERS_STRING_CATALOGS = YES;
				MTL_ENABLE_DEBUG_INFO = NO;
				MTL_FAST_MATH = YES;
				SWIFT_COMPILATION_MODE = wholemodule;
			};
			name = Release;
		};
		3DD21D302B0461C700AD80BA /* Debug */ = {
			isa = XCBuildConfiguration;
			buildSettings = {
				ASSETCATALOG_COMPILER_APPICON_NAME = AppIcon;
				ASSETCATALOG_COMPILER_GLOBAL_ACCENT_COLOR_NAME = AccentColor;
				CODE_SIGN_ENTITLEMENTS = "My Money/My_Money.entitlements";
				CODE_SIGN_STYLE = Automatic;
				CURRENT_PROJECT_VERSION = 1;
				DEVELOPMENT_ASSET_PATHS = "\"My Money/Preview Content\"";
				DEVELOPMENT_TEAM = NCYGZG98FP;
				ENABLE_HARDENED_RUNTIME = YES;
				ENABLE_PREVIEWS = YES;
				GENERATE_INFOPLIST_FILE = YES;
				"INFOPLIST_KEY_UIApplicationSceneManifest_Generation[sdk=iphoneos*]" = YES;
				"INFOPLIST_KEY_UIApplicationSceneManifest_Generation[sdk=iphonesimulator*]" = YES;
				"INFOPLIST_KEY_UIApplicationSupportsIndirectInputEvents[sdk=iphoneos*]" = YES;
				"INFOPLIST_KEY_UIApplicationSupportsIndirectInputEvents[sdk=iphonesimulator*]" = YES;
				"INFOPLIST_KEY_UILaunchScreen_Generation[sdk=iphoneos*]" = YES;
				"INFOPLIST_KEY_UILaunchScreen_Generation[sdk=iphonesimulator*]" = YES;
				"INFOPLIST_KEY_UIStatusBarStyle[sdk=iphoneos*]" = UIStatusBarStyleDefault;
				"INFOPLIST_KEY_UIStatusBarStyle[sdk=iphonesimulator*]" = UIStatusBarStyleDefault;
				INFOPLIST_KEY_UISupportedInterfaceOrientations_iPad = "UIInterfaceOrientationPortrait UIInterfaceOrientationPortraitUpsideDown UIInterfaceOrientationLandscapeLeft UIInterfaceOrientationLandscapeRight";
				INFOPLIST_KEY_UISupportedInterfaceOrientations_iPhone = "UIInterfaceOrientationPortrait UIInterfaceOrientationLandscapeLeft UIInterfaceOrientationLandscapeRight";
				IPHONEOS_DEPLOYMENT_TARGET = 17.0;
				LD_RUNPATH_SEARCH_PATHS = "@executable_path/Frameworks";
				"LD_RUNPATH_SEARCH_PATHS[sdk=macosx*]" = "@executable_path/../Frameworks";
				MACOSX_DEPLOYMENT_TARGET = 14.0;
				MARKETING_VERSION = 1.0;
				PRODUCT_BUNDLE_IDENTIFIER = "Squill.My-Money";
				PRODUCT_NAME = "$(TARGET_NAME)";
				SDKROOT = auto;
				SUPPORTED_PLATFORMS = "iphoneos iphonesimulator macosx";
				SWIFT_EMIT_LOC_STRINGS = YES;
				SWIFT_VERSION = 5.0;
				TARGETED_DEVICE_FAMILY = "1,2";
			};
			name = Debug;
		};
		3DD21D312B0461C700AD80BA /* Release */ = {
			isa = XCBuildConfiguration;
			buildSettings = {
				ASSETCATALOG_COMPILER_APPICON_NAME = AppIcon;
				ASSETCATALOG_COMPILER_GLOBAL_ACCENT_COLOR_NAME = AccentColor;
				CODE_SIGN_ENTITLEMENTS = "My Money/My_Money.entitlements";
				CODE_SIGN_STYLE = Automatic;
				CURRENT_PROJECT_VERSION = 1;
				DEVELOPMENT_ASSET_PATHS = "\"My Money/Preview Content\"";
				DEVELOPMENT_TEAM = NCYGZG98FP;
				ENABLE_HARDENED_RUNTIME = YES;
				ENABLE_PREVIEWS = YES;
				GENERATE_INFOPLIST_FILE = YES;
				"INFOPLIST_KEY_UIApplicationSceneManifest_Generation[sdk=iphoneos*]" = YES;
				"INFOPLIST_KEY_UIApplicationSceneManifest_Generation[sdk=iphonesimulator*]" = YES;
				"INFOPLIST_KEY_UIApplicationSupportsIndirectInputEvents[sdk=iphoneos*]" = YES;
				"INFOPLIST_KEY_UIApplicationSupportsIndirectInputEvents[sdk=iphonesimulator*]" = YES;
				"INFOPLIST_KEY_UILaunchScreen_Generation[sdk=iphoneos*]" = YES;
				"INFOPLIST_KEY_UILaunchScreen_Generation[sdk=iphonesimulator*]" = YES;
				"INFOPLIST_KEY_UIStatusBarStyle[sdk=iphoneos*]" = UIStatusBarStyleDefault;
				"INFOPLIST_KEY_UIStatusBarStyle[sdk=iphonesimulator*]" = UIStatusBarStyleDefault;
				INFOPLIST_KEY_UISupportedInterfaceOrientations_iPad = "UIInterfaceOrientationPortrait UIInterfaceOrientationPortraitUpsideDown UIInterfaceOrientationLandscapeLeft UIInterfaceOrientationLandscapeRight";
				INFOPLIST_KEY_UISupportedInterfaceOrientations_iPhone = "UIInterfaceOrientationPortrait UIInterfaceOrientationLandscapeLeft UIInterfaceOrientationLandscapeRight";
				IPHONEOS_DEPLOYMENT_TARGET = 17.0;
				LD_RUNPATH_SEARCH_PATHS = "@executable_path/Frameworks";
				"LD_RUNPATH_SEARCH_PATHS[sdk=macosx*]" = "@executable_path/../Frameworks";
				MACOSX_DEPLOYMENT_TARGET = 14.0;
				MARKETING_VERSION = 1.0;
				PRODUCT_BUNDLE_IDENTIFIER = "Squill.My-Money";
				PRODUCT_NAME = "$(TARGET_NAME)";
				SDKROOT = auto;
				SUPPORTED_PLATFORMS = "iphoneos iphonesimulator macosx";
				SWIFT_EMIT_LOC_STRINGS = YES;
				SWIFT_VERSION = 5.0;
				TARGETED_DEVICE_FAMILY = "1,2";
			};
			name = Release;
		};
/* End XCBuildConfiguration section */

/* Begin XCConfigurationList section */
		3DD21D192B0461BF00AD80BA /* Build configuration list for PBXProject "My Money" */ = {
			isa = XCConfigurationList;
			buildConfigurations = (
				3DD21D2D2B0461C700AD80BA /* Debug */,
				3DD21D2E2B0461C700AD80BA /* Release */,
			);
			defaultConfigurationIsVisible = 0;
			defaultConfigurationName = Release;
		};
		3DD21D2F2B0461C700AD80BA /* Build configuration list for PBXNativeTarget "My Money" */ = {
			isa = XCConfigurationList;
			buildConfigurations = (
				3DD21D302B0461C700AD80BA /* Debug */,
				3DD21D312B0461C700AD80BA /* Release */,
			);
			defaultConfigurationIsVisible = 0;
			defaultConfigurationName = Release;
		};
/* End XCConfigurationList section */
	};
	rootObject = 3DD21D162B0461BF00AD80BA /* Project object */;
}
